// !$*UTF8*$!
{
	archiveVersion = 1;
	classes = {
	};
	objectVersion = 48;
	objects = {

/* Begin PBXBuildFile section */
		A137C9D82018265500D2DD3D /* AppDelegate.swift in Sources */ = {isa = PBXBuildFile; fileRef = A137C9D72018265500D2DD3D /* AppDelegate.swift */; };
		A137C9DA2018265500D2DD3D /* TodoListViewController.swift in Sources */ = {isa = PBXBuildFile; fileRef = A137C9D92018265500D2DD3D /* TodoListViewController.swift */; };
		A137C9DD2018265500D2DD3D /* Main.storyboard in Resources */ = {isa = PBXBuildFile; fileRef = A137C9DB2018265500D2DD3D /* Main.storyboard */; };
		A137C9DF2018265500D2DD3D /* Assets.xcassets in Resources */ = {isa = PBXBuildFile; fileRef = A137C9DE2018265500D2DD3D /* Assets.xcassets */; };
		A137C9E22018265500D2DD3D /* LaunchScreen.storyboard in Resources */ = {isa = PBXBuildFile; fileRef = A137C9E02018265500D2DD3D /* LaunchScreen.storyboard */; };
		A13988EE201AC49100980E42 /* DataModel.xcdatamodeld in Sources */ = {isa = PBXBuildFile; fileRef = A13988EC201AC49100980E42 /* DataModel.xcdatamodeld */; };
		A1A6758A201F746E00A67BB4 /* CategoryViewController.swift in Sources */ = {isa = PBXBuildFile; fileRef = A1A67589201F746E00A67BB4 /* CategoryViewController.swift */; };
/* End PBXBuildFile section */

/* Begin PBXFileReference section */
		A137C9D42018265500D2DD3D /* 2Do2Day.app */ = {isa = PBXFileReference; explicitFileType = wrapper.application; includeInIndex = 0; path = 2Do2Day.app; sourceTree = BUILT_PRODUCTS_DIR; };
		A137C9D72018265500D2DD3D /* AppDelegate.swift */ = {isa = PBXFileReference; lastKnownFileType = sourcecode.swift; path = AppDelegate.swift; sourceTree = "<group>"; };
		A137C9D92018265500D2DD3D /* TodoListViewController.swift */ = {isa = PBXFileReference; lastKnownFileType = sourcecode.swift; path = TodoListViewController.swift; sourceTree = "<group>"; };
		A137C9DC2018265500D2DD3D /* Base */ = {isa = PBXFileReference; lastKnownFileType = file.storyboard; name = Base; path = Base.lproj/Main.storyboard; sourceTree = "<group>"; };
		A137C9DE2018265500D2DD3D /* Assets.xcassets */ = {isa = PBXFileReference; lastKnownFileType = folder.assetcatalog; path = Assets.xcassets; sourceTree = "<group>"; };
		A137C9E12018265500D2DD3D /* Base */ = {isa = PBXFileReference; lastKnownFileType = file.storyboard; name = Base; path = Base.lproj/LaunchScreen.storyboard; sourceTree = "<group>"; };
		A137C9E32018265500D2DD3D /* Info.plist */ = {isa = PBXFileReference; lastKnownFileType = text.plist.xml; path = Info.plist; sourceTree = "<group>"; };
		A13988ED201AC49100980E42 /* DataModel.xcdatamodel */ = {isa = PBXFileReference; lastKnownFileType = wrapper.xcdatamodel; path = DataModel.xcdatamodel; sourceTree = "<group>"; };
		A1A67589201F746E00A67BB4 /* CategoryViewController.swift */ = {isa = PBXFileReference; lastKnownFileType = sourcecode.swift; path = CategoryViewController.swift; sourceTree = "<group>"; };
/* End PBXFileReference section */

/* Begin PBXFrameworksBuildPhase section */
		A137C9D12018265500D2DD3D /* Frameworks */ = {
			isa = PBXFrameworksBuildPhase;
			buildActionMask = 2147483647;
			files = (
			);
			runOnlyForDeploymentPostprocessing = 0;
		};
/* End PBXFrameworksBuildPhase section */

/* Begin PBXGroup section */
		A137C9CB2018265500D2DD3D = {
			isa = PBXGroup;
			children = (
				A137C9D62018265500D2DD3D /* 2Do2Day */,
				A137C9D52018265500D2DD3D /* Products */,
			);
			sourceTree = "<group>";
		};
		A137C9D52018265500D2DD3D /* Products */ = {
			isa = PBXGroup;
			children = (
				A137C9D42018265500D2DD3D /* 2Do2Day.app */,
			);
			name = Products;
			sourceTree = "<group>";
		};
		A137C9D62018265500D2DD3D /* 2Do2Day */ = {
			isa = PBXGroup;
			children = (
				A137C9D72018265500D2DD3D /* AppDelegate.swift */,
				A1A7EFD32019109F007ECF08 /* Controllers */,
				A1A7EFD220191085007ECF08 /* Data Model */,
				A1A7EFD4201910A7007ECF08 /* Views */,
				A1A7EFD5201910C5007ECF08 /* Supporting Files */,
				A137C9E32018265500D2DD3D /* Info.plist */,
			);
			path = 2Do2Day;
			sourceTree = "<group>";
		};
		A1A7EFD220191085007ECF08 /* Data Model */ = {
			isa = PBXGroup;
			children = (
				A13988EC201AC49100980E42 /* DataModel.xcdatamodeld */,
			);
			path = "Data Model";
			sourceTree = "<group>";
		};
		A1A7EFD32019109F007ECF08 /* Controllers */ = {
			isa = PBXGroup;
			children = (
				A1A67589201F746E00A67BB4 /* CategoryViewController.swift */,
				A137C9D92018265500D2DD3D /* TodoListViewController.swift */,
			);
			path = Controllers;
			sourceTree = "<group>";
		};
		A1A7EFD4201910A7007ECF08 /* Views */ = {
			isa = PBXGroup;
			children = (
				A137C9DB2018265500D2DD3D /* Main.storyboard */,
			);
			path = Views;
			sourceTree = "<group>";
		};
		A1A7EFD5201910C5007ECF08 /* Supporting Files */ = {
			isa = PBXGroup;
			children = (
				A137C9DE2018265500D2DD3D /* Assets.xcassets */,
				A137C9E02018265500D2DD3D /* LaunchScreen.storyboard */,
			);
			path = "Supporting Files";
			sourceTree = "<group>";
		};
/* End PBXGroup section */

/* Begin PBXNativeTarget section */
		A137C9D32018265500D2DD3D /* 2Do2Day */ = {
			isa = PBXNativeTarget;
			buildConfigurationList = A137C9E62018265500D2DD3D /* Build configuration list for PBXNativeTarget "2Do2Day" */;
			buildPhases = (
				A137C9D02018265500D2DD3D /* Sources */,
				A137C9D12018265500D2DD3D /* Frameworks */,
				A137C9D22018265500D2DD3D /* Resources */,
			);
			buildRules = (
			);
			dependencies = (
			);
			name = 2Do2Day;
			productName = 2Do2Day;
			productReference = A137C9D42018265500D2DD3D /* 2Do2Day.app */;
			productType = "com.apple.product-type.application";
		};
/* End PBXNativeTarget section */

/* Begin PBXProject section */
		A137C9CC2018265500D2DD3D /* Project object */ = {
			isa = PBXProject;
			attributes = {
				LastSwiftUpdateCheck = 0920;
				LastUpgradeCheck = 0920;
				ORGANIZATIONNAME = emilyosowski;
				TargetAttributes = {
					A137C9D32018265500D2DD3D = {
						CreatedOnToolsVersion = 9.2;
						ProvisioningStyle = Automatic;
					};
				};
			};
			buildConfigurationList = A137C9CF2018265500D2DD3D /* Build configuration list for PBXProject "2Do2Day" */;
			compatibilityVersion = "Xcode 8.0";
			developmentRegion = en;
			hasScannedForEncodings = 0;
			knownRegions = (
				en,
				Base,
			);
			mainGroup = A137C9CB2018265500D2DD3D;
			productRefGroup = A137C9D52018265500D2DD3D /* Products */;
			projectDirPath = "";
			projectRoot = "";
			targets = (
				A137C9D32018265500D2DD3D /* 2Do2Day */,
			);
		};
/* End PBXProject section */

/* Begin PBXResourcesBuildPhase section */
		A137C9D22018265500D2DD3D /* Resources */ = {
			isa = PBXResourcesBuildPhase;
			buildActionMask = 2147483647;
			files = (
				A137C9E22018265500D2DD3D /* LaunchScreen.storyboard in Resources */,
				A137C9DF2018265500D2DD3D /* Assets.xcassets in Resources */,
				A137C9DD2018265500D2DD3D /* Main.storyboard in Resources */,
			);
			runOnlyForDeploymentPostprocessing = 0;
		};
/* End PBXResourcesBuildPhase section */

/* Begin PBXSourcesBuildPhase section */
		A137C9D02018265500D2DD3D /* Sources */ = {
			isa = PBXSourcesBuildPhase;
			buildActionMask = 2147483647;
			files = (
				A1A6758A201F746E00A67BB4 /* CategoryViewController.swift in Sources */,
				A137C9DA2018265500D2DD3D /* TodoListViewController.swift in Sources */,
				A13988EE201AC49100980E42 /* DataModel.xcdatamodeld in Sources */,
				A137C9D82018265500D2DD3D /* AppDelegate.swift in Sources */,
			);
			runOnlyForDeploymentPostprocessing = 0;
		};
/* End PBXSourcesBuildPhase section */

/* Begin PBXVariantGroup section */
		A137C9DB2018265500D2DD3D /* Main.storyboard */ = {
			isa = PBXVariantGroup;
			children = (
				A137C9DC2018265500D2DD3D /* Base */,
			);
			name = Main.storyboard;
			sourceTree = "<group>";
		};
		A137C9E02018265500D2DD3D /* LaunchScreen.storyboard */ = {
			isa = PBXVariantGroup;
			children = (
				A137C9E12018265500D2DD3D /* Base */,
			);
			name = LaunchScreen.storyboard;
			sourceTree = "<group>";
		};
/* End PBXVariantGroup section */

/* Begin XCBuildConfiguration section */
		A137C9E42018265500D2DD3D /* Debug */ = {
			isa = XCBuildConfiguration;
			buildSettings = {
				ALWAYS_SEARCH_USER_PATHS = NO;
				CLANG_ANALYZER_NONNULL = YES;
				CLANG_ANALYZER_NUMBER_OBJECT_CONVERSION = YES_AGGRESSIVE;
				CLANG_CXX_LANGUAGE_STANDARD = "gnu++14";
				CLANG_CXX_LIBRARY = "libc++";
				CLANG_ENABLE_MODULES = YES;
				CLANG_ENABLE_OBJC_ARC = YES;
				CLANG_WARN_BLOCK_CAPTURE_AUTORELEASING = YES;
				CLANG_WARN_BOOL_CONVERSION = YES;
				CLANG_WARN_COMMA = YES;
				CLANG_WARN_CONSTANT_CONVERSION = YES;
				CLANG_WARN_DIRECT_OBJC_ISA_USAGE = YES_ERROR;
				CLANG_WARN_DOCUMENTATION_COMMENTS = YES;
				CLANG_WARN_EMPTY_BODY = YES;
				CLANG_WARN_ENUM_CONVERSION = YES;
				CLANG_WARN_INFINITE_RECURSION = YES;
				CLANG_WARN_INT_CONVERSION = YES;
				CLANG_WARN_NON_LITERAL_NULL_CONVERSION = YES;
				CLANG_WARN_OBJC_LITERAL_CONVERSION = YES;
				CLANG_WARN_OBJC_ROOT_CLASS = YES_ERROR;
				CLANG_WARN_RANGE_LOOP_ANALYSIS = YES;
				CLANG_WARN_STRICT_PROTOTYPES = YES;
				CLANG_WARN_SUSPICIOUS_MOVE = YES;
				CLANG_WARN_UNGUARDED_AVAILABILITY = YES_AGGRESSIVE;
				CLANG_WARN_UNREACHABLE_CODE = YES;
				CLANG_WARN__DUPLICATE_METHOD_MATCH = YES;
				CODE_SIGN_IDENTITY = "iPhone Developer";
				COPY_PHASE_STRIP = NO;
				DEBUG_INFORMATION_FORMAT = dwarf;
				ENABLE_STRICT_OBJC_MSGSEND = YES;
				ENABLE_TESTABILITY = YES;
				GCC_C_LANGUAGE_STANDARD = gnu11;
				GCC_DYNAMIC_NO_PIC = NO;
				GCC_NO_COMMON_BLOCKS = YES;
				GCC_OPTIMIZATION_LEVEL = 0;
				GCC_PREPROCESSOR_DEFINITIONS = (
					"DEBUG=1",
					"$(inherited)",
				);
				GCC_WARN_64_TO_32_BIT_CONVERSION = YES;
				GCC_WARN_ABOUT_RETURN_TYPE = YES_ERROR;
				GCC_WARN_UNDECLARED_SELECTOR = YES;
				GCC_WARN_UNINITIALIZED_AUTOS = YES_AGGRESSIVE;
				GCC_WARN_UNUSED_FUNCTION = YES;
				GCC_WARN_UNUSED_VARIABLE = YES;
				IPHONEOS_DEPLOYMENT_TARGET = 11.2;
				MTL_ENABLE_DEBUG_INFO = YES;
				ONLY_ACTIVE_ARCH = YES;
				SDKROOT = iphoneos;
				SWIFT_ACTIVE_COMPILATION_CONDITIONS = DEBUG;
				SWIFT_OPTIMIZATION_LEVEL = "-Onone";
			};
			name = Debug;
		};
		A137C9E52018265500D2DD3D /* Release */ = {
			isa = XCBuildConfiguration;
			buildSettings = {
				ALWAYS_SEARCH_USER_PATHS = NO;
				CLANG_ANALYZER_NONNULL = YES;
				CLANG_ANALYZER_NUMBER_OBJECT_CONVERSION = YES_AGGRESSIVE;
				CLANG_CXX_LANGUAGE_STANDARD = "gnu++14";
				CLANG_CXX_LIBRARY = "libc++";
				CLANG_ENABLE_MODULES = YES;
				CLANG_ENABLE_OBJC_ARC = YES;
				CLANG_WARN_BLOCK_CAPTURE_AUTORELEASING = YES;
				CLANG_WARN_BOOL_CONVERSION = YES;
				CLANG_WARN_COMMA = YES;
				CLANG_WARN_CONSTANT_CONVERSION = YES;
				CLANG_WARN_DIRECT_OBJC_ISA_USAGE = YES_ERROR;
				CLANG_WARN_DOCUMENTATION_COMMENTS = YES;
				CLANG_WARN_EMPTY_BODY = YES;
				CLANG_WARN_ENUM_CONVERSION = YES;
				CLANG_WARN_INFINITE_RECURSION = YES;
				CLANG_WARN_INT_CONVERSION = YES;
				CLANG_WARN_NON_LITERAL_NULL_CONVERSION = YES;
				CLANG_WARN_OBJC_LITERAL_CONVERSION = YES;
				CLANG_WARN_OBJC_ROOT_CLASS = YES_ERROR;
				CLANG_WARN_RANGE_LOOP_ANALYSIS = YES;
				CLANG_WARN_STRICT_PROTOTYPES = YES;
				CLANG_WARN_SUSPICIOUS_MOVE = YES;
				CLANG_WARN_UNGUARDED_AVAILABILITY = YES_AGGRESSIVE;
				CLANG_WARN_UNREACHABLE_CODE = YES;
				CLANG_WARN__DUPLICATE_METHOD_MATCH = YES;
				CODE_SIGN_IDENTITY = "iPhone Developer";
				COPY_PHASE_STRIP = NO;
				DEBUG_INFORMATION_FORMAT = "dwarf-with-dsym";
				ENABLE_NS_ASSERTIONS = NO;
				ENABLE_STRICT_OBJC_MSGSEND = YES;
				GCC_C_LANGUAGE_STANDARD = gnu11;
				GCC_NO_COMMON_BLOCKS = YES;
				GCC_WARN_64_TO_32_BIT_CONVERSION = YES;
				GCC_WARN_ABOUT_RETURN_TYPE = YES_ERROR;
				GCC_WARN_UNDECLARED_SELECTOR = YES;
				GCC_WARN_UNINITIALIZED_AUTOS = YES_AGGRESSIVE;
				GCC_WARN_UNUSED_FUNCTION = YES;
				GCC_WARN_UNUSED_VARIABLE = YES;
				IPHONEOS_DEPLOYMENT_TARGET = 11.2;
				MTL_ENABLE_DEBUG_INFO = NO;
				SDKROOT = iphoneos;
				SWIFT_OPTIMIZATION_LEVEL = "-Owholemodule";
				VALIDATE_PRODUCT = YES;
			};
			name = Release;
		};
		A137C9E72018265500D2DD3D /* Debug */ = {
			isa = XCBuildConfiguration;
			buildSettings = {
				ASSETCATALOG_COMPILER_APPICON_NAME = AppIcon;
				CODE_SIGN_STYLE = Automatic;
				DEVELOPMENT_TEAM = K2L4T5WD2L;
				INFOPLIST_FILE = 2Do2Day/Info.plist;
				LD_RUNPATH_SEARCH_PATHS = "$(inherited) @executable_path/Frameworks";
				PRODUCT_BUNDLE_IDENTIFIER = com.emilyosowski.2Do2Day;
				PRODUCT_NAME = "$(TARGET_NAME)";
				SWIFT_VERSION = 4.0;
				TARGETED_DEVICE_FAMILY = "1,2";
			};
			name = Debug;
		};
		A137C9E82018265500D2DD3D /* Release */ = {
			isa = XCBuildConfiguration;
			buildSettings = {
				ASSETCATALOG_COMPILER_APPICON_NAME = AppIcon;
				CODE_SIGN_STYLE = Automatic;
				DEVELOPMENT_TEAM = K2L4T5WD2L;
				INFOPLIST_FILE = 2Do2Day/Info.plist;
				LD_RUNPATH_SEARCH_PATHS = "$(inherited) @executable_path/Frameworks";
				PRODUCT_BUNDLE_IDENTIFIER = com.emilyosowski.2Do2Day;
				PRODUCT_NAME = "$(TARGET_NAME)";
				SWIFT_VERSION = 4.0;
				TARGETED_DEVICE_FAMILY = "1,2";
			};
			name = Release;
		};
/* End XCBuildConfiguration section */

/* Begin XCConfigurationList section */
		A137C9CF2018265500D2DD3D /* Build configuration list for PBXProject "2Do2Day" */ = {
			isa = XCConfigurationList;
			buildConfigurations = (
				A137C9E42018265500D2DD3D /* Debug */,
				A137C9E52018265500D2DD3D /* Release */,
			);
			defaultConfigurationIsVisible = 0;
			defaultConfigurationName = Release;
		};
		A137C9E62018265500D2DD3D /* Build configuration list for PBXNativeTarget "2Do2Day" */ = {
			isa = XCConfigurationList;
			buildConfigurations = (
				A137C9E72018265500D2DD3D /* Debug */,
				A137C9E82018265500D2DD3D /* Release */,
			);
			defaultConfigurationIsVisible = 0;
			defaultConfigurationName = Release;
		};
/* End XCConfigurationList section */

/* Begin XCVersionGroup section */
		A13988EC201AC49100980E42 /* DataModel.xcdatamodeld */ = {
			isa = XCVersionGroup;
			children = (
				A13988ED201AC49100980E42 /* DataModel.xcdatamodel */,
			);
			currentVersion = A13988ED201AC49100980E42 /* DataModel.xcdatamodel */;
			path = DataModel.xcdatamodeld;
			sourceTree = "<group>";
			versionGroupType = wrapper.xcdatamodel;
		};
/* End XCVersionGroup section */
	};
	rootObject = A137C9CC2018265500D2DD3D /* Project object */;
}
